
Microsoft Visual Studio Solution File, Format Version 12.00
# Visual Studio 14
VisualStudioVersion = 14.0.25420.1
MinimumVisualStudioVersion = 10.0.40219.1
Project("{FAE04EC0-301F-11D3-BF4B-00C04F79EFBC}") = "MimeTypes", "src\MimeTypes\MimeTypes.csproj", "{938E57CB-E1C3-4506-BE08-79043F81309D}"
EndProject
Project("{2150E333-8FDC-42A3-9474-1A3956D46DE8}") = "Solution Items", "Solution Items", "{E294BBFE-C812-4CE7-BE60-022C1E288B5D}"
	ProjectSection(SolutionItems) = preProject
		src\MimeTypes\MimeTypes.nuspec = src\MimeTypes\MimeTypes.nuspec
	EndProjectSection
EndProject
Global
	GlobalSection(SolutionConfigurationPlatforms) = preSolution
		Debug|Any CPU = Debug|Any CPU
		Release|Any CPU = Release|Any CPU
	EndGlobalSection
	GlobalSection(ProjectConfigurationPlatforms) = postSolution
		{938E57CB-E1C3-4506-BE08-79043F81309D}.Debug|Any CPU.ActiveCfg = Debug|Any CPU
		{938E57CB-E1C3-4506-BE08-79043F81309D}.Debug|Any CPU.Build.0 = Debug|Any CPU
		{938E57CB-E1C3-4506-BE08-79043F81309D}.Release|Any CPU.ActiveCfg = Release|Any CPU
		{938E57CB-E1C3-4506-BE08-79043F81309D}.Release|Any CPU.Build.0 = Release|Any CPU
	EndGlobalSection
	GlobalSection(SolutionProperties) = preSolution
		HideSolutionNode = FALSE
	EndGlobalSection
EndGlobal
